# @generated by Move, please check-in and do not edit manually.

[move]
version = 3
manifest_digest = "29C9013B3F5F991598909F652BFB3D532EBDCC62808567CD5565B0449BF9C9C3"
deps_digest = "F8BBB0CCB2491CA29A3DF03D6F92277A4F3574266507ACD77214D37ECA3F3082"
dependencies = [
  { id = "Sui", name = "Sui" },
]

[[move.package]]
id = "MoveStdlib"
source = { git = "https://github.com/MystenLabs/sui", rev = "main", subdir = "crates/sui-framework/packages/move-stdlib" }

[[move.package]]
id = "Sui"
source = { git = "https://github.com/MystenLabs/sui", rev = "main", subdir = "crates/sui-framework/packages/sui-framework" }

dependencies = [
  { id = "MoveStdlib", name = "MoveStdlib" },
]

[move.toolchain-version]
compiler-version = "1.58.3"
edition = "2024"
flavor = "sui"

[env]

[env.devnet]
chain-id = "e726a3a8"
original-published-id = "0xe1c0ac57adaeb1e87e02dce3d9469b404644d5a79e1717cf2f18fc1286e79550"
latest-published-id = "0xe1c0ac57adaeb1e87e02dce3d9469b404644d5a79e1717cf2f18fc1286e79550"
published-version = "1"
